// !$*UTF8*$!
{
	archiveVersion = 1;
	classes = {
	};
	objectVersion = 77;
	objects = {

/* Begin PBXContainerItemProxy section */
		5C46F50F2DCEA14D002D41FD /* PBXContainerItemProxy */ = {
			isa = PBXContainerItemProxy;
			containerPortal = 5C46F4F42DCEA14C002D41FD /* Project object */;
			proxyType = 1;
			remoteGlobalIDString = 5C46F4FB2DCEA14C002D41FD;
			remoteInfo = BudgetTrackerApp;
		};
		5C46F5192DCEA14D002D41FD /* PBXContainerItemProxy */ = {
			isa = PBXContainerItemProxy;
			containerPortal = 5C46F4F42DCEA14C002D41FD /* Project object */;
			proxyType = 1;
			remoteGlobalIDString = 5C46F4FB2DCEA14C002D41FD;
			remoteInfo = BudgetTrackerApp;
		};
/* End PBXContainerItemProxy section */

/* Begin PBXFileReference section */
		5C46F4FC2DCEA14C002D41FD /* BudgetTrackerApp.app */ = {isa = PBXFileReference; explicitFileType = wrapper.application; includeInIndex = 0; path = BudgetTrackerApp.app; sourceTree = BUILT_PRODUCTS_DIR; };
		5C46F50E2DCEA14D002D41FD /* BudgetTrackerAppTests.xctest */ = {isa = PBXFileReference; explicitFileType = wrapper.cfbundle; includeInIndex = 0; path = BudgetTrackerAppTests.xctest; sourceTree = BUILT_PRODUCTS_DIR; };
		5C46F5182DCEA14D002D41FD /* BudgetTrackerAppUITests.xctest */ = {isa = PBXFileReference; explicitFileType = wrapper.cfbundle; includeInIndex = 0; path = BudgetTrackerAppUITests.xctest; sourceTree = BUILT_PRODUCTS_DIR; };
/* End PBXFileReference section */

/* Begin PBXFileSystemSynchronizedRootGroup section */
		5C46F4FE2DCEA14C002D41FD /* BudgetTrackerApp */ = {
			isa = PBXFileSystemSynchronizedRootGroup;
			path = BudgetTrackerApp;
			sourceTree = "<group>";
		};
		5C46F5112DCEA14D002D41FD /* BudgetTrackerAppTests */ = {
			isa = PBXFileSystemSynchronizedRootGroup;
			path = BudgetTrackerAppTests;
			sourceTree = "<group>";
		};
		5C46F51B2DCEA14D002D41FD /* BudgetTrackerAppUITests */ = {
			isa = PBXFileSystemSynchronizedRootGroup;
			path = BudgetTrackerAppUITests;
			sourceTree = "<group>";
		};
/* End PBXFileSystemSynchronizedRootGroup section */

/* Begin PBXFrameworksBuildPhase section */
		5C46F4F92DCEA14C002D41FD /* Frameworks */ = {
			isa = PBXFrameworksBuildPhase;
			buildActionMask = 2147483647;
			files = (
			);
			runOnlyForDeploymentPostprocessing = 0;
		};
		5C46F50B2DCEA14D002D41FD /* Frameworks */ = {
			isa = PBXFrameworksBuildPhase;
			buildActionMask = 2147483647;
			files = (
			);
			runOnlyForDeploymentPostprocessing = 0;
		};
		5C46F5152DCEA14D002D41FD /* Frameworks */ = {
			isa = PBXFrameworksBuildPhase;
			buildActionMask = 2147483647;
			files = (
			);
			runOnlyForDeploymentPostprocessing = 0;
		};
/* End PBXFrameworksBuildPhase section */

/* Begin PBXGroup section */
		5C46F4F32DCEA14C002D41FD = {
			isa = PBXGroup;
			children = (
				5C46F4FE2DCEA14C002D41FD /* BudgetTrackerApp */,
				5C46F5112DCEA14D002D41FD /* BudgetTrackerAppTests */,
				5C46F51B2DCEA14D002D41FD /* BudgetTrackerAppUITests */,
				5C46F4FD2DCEA14C002D41FD /* Products */,
			);
			sourceTree = "<group>";
		};
		5C46F4FD2DCEA14C002D41FD /* Products */ = {
			isa = PBXGroup;
			children = (
				5C46F4FC2DCEA14C002D41FD /* BudgetTrackerApp.app */,
				5C46F50E2DCEA14D002D41FD /* BudgetTrackerAppTests.xctest */,
				5C46F5182DCEA14D002D41FD /* BudgetTrackerAppUITests.xctest */,
			);
			name = Products;
			sourceTree = "<group>";
		};
/* End PBXGroup section */

/* Begin PBXNativeTarget section */
		5C46F4FB2DCEA14C002D41FD /* BudgetTrackerApp */ = {
			isa = PBXNativeTarget;
			buildConfigurationList = 5C46F5222DCEA14D002D41FD /* Build configuration list for PBXNativeTarget "BudgetTrackerApp" */;
			buildPhases = (
				5C46F4F82DCEA14C002D41FD /* Sources */,
				5C46F4F92DCEA14C002D41FD /* Frameworks */,
				5C46F4FA2DCEA14C002D41FD /* Resources */,
			);
			buildRules = (
			);
			dependencies = (
			);
			fileSystemSynchronizedGroups = (
				5C46F4FE2DCEA14C002D41FD /* BudgetTrackerApp */,
			);
			name = BudgetTrackerApp;
			packageProductDependencies = (
			);
			productName = BudgetTrackerApp;
			productReference = 5C46F4FC2DCEA14C002D41FD /* BudgetTrackerApp.app */;
			productType = "com.apple.product-type.application";
		};
		5C46F50D2DCEA14D002D41FD /* BudgetTrackerAppTests */ = {
			isa = PBXNativeTarget;
			buildConfigurationList = 5C46F5252DCEA14D002D41FD /* Build configuration list for PBXNativeTarget "BudgetTrackerAppTests" */;
			buildPhases = (
				5C46F50A2DCEA14D002D41FD /* Sources */,
				5C46F50B2DCEA14D002D41FD /* Frameworks */,
				5C46F50C2DCEA14D002D41FD /* Resources */,
			);
			buildRules = (
			);
			dependencies = (
				5C46F5102DCEA14D002D41FD /* PBXTargetDependency */,
			);
			fileSystemSynchronizedGroups = (
				5C46F5112DCEA14D002D41FD /* BudgetTrackerAppTests */,
			);
			name = BudgetTrackerAppTests;
			packageProductDependencies = (
			);
			productName = BudgetTrackerAppTests;
			productReference = 5C46F50E2DCEA14D002D41FD /* BudgetTrackerAppTests.xctest */;
			productType = "com.apple.product-type.bundle.unit-test";
		};
		5C46F5172DCEA14D002D41FD /* BudgetTrackerAppUITests */ = {
			isa = PBXNativeTarget;
			buildConfigurationList = 5C46F5282DCEA14D002D41FD /* Build configuration list for PBXNativeTarget "BudgetTrackerAppUITests" */;
			buildPhases = (
				5C46F5142DCEA14D002D41FD /* Sources */,
				5C46F5152DCEA14D002D41FD /* Frameworks */,
				5C46F5162DCEA14D002D41FD /* Resources */,
			);
			buildRules = (
			);
			dependencies = (
				5C46F51A2DCEA14D002D41FD /* PBXTargetDependency */,
			);
			fileSystemSynchronizedGroups = (
				5C46F51B2DCEA14D002D41FD /* BudgetTrackerAppUITests */,
			);
			name = BudgetTrackerAppUITests;
			packageProductDependencies = (
			);
			productName = BudgetTrackerAppUITests;
			productReference = 5C46F5182DCEA14D002D41FD /* BudgetTrackerAppUITests.xctest */;
			productType = "com.apple.product-type.bundle.ui-testing";
		};
/* End PBXNativeTarget section */

/* Begin PBXProject section */
		5C46F4F42DCEA14C002D41FD /* Project object */ = {
			isa = PBXProject;
			attributes = {
				BuildIndependentTargetsInParallel = 1;
				LastSwiftUpdateCheck = 1630;
				LastUpgradeCheck = 1630;
				TargetAttributes = {
					5C46F4FB2DCEA14C002D41FD = {
						CreatedOnToolsVersion = 16.3;
					};
					5C46F50D2DCEA14D002D41FD = {
						CreatedOnToolsVersion = 16.3;
						TestTargetID = 5C46F4FB2DCEA14C002D41FD;
					};
					5C46F5172DCEA14D002D41FD = {
						CreatedOnToolsVersion = 16.3;
						TestTargetID = 5C46F4FB2DCEA14C002D41FD;
					};
				};
			};
			buildConfigurationList = 5C46F4F72DCEA14C002D41FD /* Build configuration list for PBXProject "BudgetTrackerApp" */;
			developmentRegion = en;
			hasScannedForEncodings = 0;
			knownRegions = (
				en,
				Base,
			);
			mainGroup = 5C46F4F32DCEA14C002D41FD;
			minimizedProjectReferenceProxies = 1;
			preferredProjectObjectVersion = 77;
			productRefGroup = 5C46F4FD2DCEA14C002D41FD /* Products */;
			projectDirPath = "";
			projectRoot = "";
			targets = (
				5C46F4FB2DCEA14C002D41FD /* BudgetTrackerApp */,
				5C46F50D2DCEA14D002D41FD /* BudgetTrackerAppTests */,
				5C46F5172DCEA14D002D41FD /* BudgetTrackerAppUITests */,
			);
		};
/* End PBXProject section */

/* Begin PBXResourcesBuildPhase section */
		5C46F4FA2DCEA14C002D41FD /* Resources */ = {
			isa = PBXResourcesBuildPhase;
			buildActionMask = 2147483647;
			files = (
			);
			runOnlyForDeploymentPostprocessing = 0;
		};
		5C46F50C2DCEA14D002D41FD /* Resources */ = {
			isa = PBXResourcesBuildPhase;
			buildActionMask = 2147483647;
			files = (
			);
			runOnlyForDeploymentPostprocessing = 0;
		};
		5C46F5162DCEA14D002D41FD /* Resources */ = {
			isa = PBXResourcesBuildPhase;
			buildActionMask = 2147483647;
			files = (
			);
			runOnlyForDeploymentPostprocessing = 0;
		};
/* End PBXResourcesBuildPhase section */

/* Begin PBXSourcesBuildPhase section */
		5C46F4F82DCEA14C002D41FD /* Sources */ = {
			isa = PBXSourcesBuildPhase;
			buildActionMask = 2147483647;
			files = (
			);
			runOnlyForDeploymentPostprocessing = 0;
		};
		5C46F50A2DCEA14D002D41FD /* Sources */ = {
			isa = PBXSourcesBuildPhase;
			buildActionMask = 2147483647;
			files = (
			);
			runOnlyForDeploymentPostprocessing = 0;
		};
		5C46F5142DCEA14D002D41FD /* Sources */ = {
			isa = PBXSourcesBuildPhase;
			buildActionMask = 2147483647;
			files = (
			);
			runOnlyForDeploymentPostprocessing = 0;
		};
/* End PBXSourcesBuildPhase section */

/* Begin PBXTargetDependency section */
		5C46F5102DCEA14D002D41FD /* PBXTargetDependency */ = {
			isa = PBXTargetDependency;
			target = 5C46F4FB2DCEA14C002D41FD /* BudgetTrackerApp */;
			targetProxy = 5C46F50F2DCEA14D002D41FD /* PBXContainerItemProxy */;
		};
		5C46F51A2DCEA14D002D41FD /* PBXTargetDependency */ = {
			isa = PBXTargetDependency;
			target = 5C46F4FB2DCEA14C002D41FD /* BudgetTrackerApp */;
			targetProxy = 5C46F5192DCEA14D002D41FD /* PBXContainerItemProxy */;
		};
/* End PBXTargetDependency section */

/* Begin XCBuildConfiguration section */
		5C46F5202DCEA14D002D41FD /* Debug */ = {
			isa = XCBuildConfiguration;
			buildSettings = {
				ALWAYS_SEARCH_USER_PATHS = NO;
				ASSETCATALOG_COMPILER_GENERATE_SWIFT_ASSET_SYMBOL_EXTENSIONS = YES;
				CLANG_ANALYZER_NONNULL = YES;
				CLANG_ANALYZER_NUMBER_OBJECT_CONVERSION = YES_AGGRESSIVE;
				CLANG_CXX_LANGUAGE_STANDARD = "gnu++20";
				CLANG_ENABLE_MODULES = YES;
				CLANG_ENABLE_OBJC_ARC = YES;
				CLANG_ENABLE_OBJC_WEAK = YES;
				CLANG_WARN_BLOCK_CAPTURE_AUTORELEASING = YES;
				CLANG_WARN_BOOL_CONVERSION = YES;
				CLANG_WARN_COMMA = YES;
				CLANG_WARN_CONSTANT_CONVERSION = YES;
				CLANG_WARN_DEPRECATED_OBJC_IMPLEMENTATIONS = YES;
				CLANG_WARN_DIRECT_OBJC_ISA_USAGE = YES_ERROR;
				CLANG_WARN_DOCUMENTATION_COMMENTS = YES;
				CLANG_WARN_EMPTY_BODY = YES;
				CLANG_WARN_ENUM_CONVERSION = YES;
				CLANG_WARN_INFINITE_RECURSION = YES;
				CLANG_WARN_INT_CONVERSION = YES;
				CLANG_WARN_NON_LITERAL_NULL_CONVERSION = YES;
				CLANG_WARN_OBJC_IMPLICIT_RETAIN_SELF = YES;
				CLANG_WARN_OBJC_LITERAL_CONVERSION = YES;
				CLANG_WARN_OBJC_ROOT_CLASS = YES_ERROR;
				CLANG_WARN_QUOTED_INCLUDE_IN_FRAMEWORK_HEADER = YES;
				CLANG_WARN_RANGE_LOOP_ANALYSIS = YES;
				CLANG_WARN_STRICT_PROTOTYPES = YES;
				CLANG_WARN_SUSPICIOUS_MOVE = YES;
				CLANG_WARN_UNGUARDED_AVAILABILITY = YES_AGGRESSIVE;
				CLANG_WARN_UNREACHABLE_CODE = YES;
				CLANG_WARN__DUPLICATE_METHOD_MATCH = YES;
				COPY_PHASE_STRIP = NO;
				DEBUG_INFORMATION_FORMAT = dwarf;
				ENABLE_STRICT_OBJC_MSGSEND = YES;
				ENABLE_TESTABILITY = YES;
				ENABLE_USER_SCRIPT_SANDBOXING = YES;
				GCC_C_LANGUAGE_STANDARD = gnu17;
				GCC_DYNAMIC_NO_PIC = NO;
				GCC_NO_COMMON_BLOCKS = YES;
				GCC_OPTIMIZATION_LEVEL = 0;
				GCC_PREPROCESSOR_DEFINITIONS = (
					"DEBUG=1",
					"$(inherited)",
				);
				GCC_WARN_64_TO_32_BIT_CONVERSION = YES;
				GCC_WARN_ABOUT_RETURN_TYPE = YES_ERROR;
				GCC_WARN_UNDECLARED_SELECTOR = YES;
				GCC_WARN_UNINITIALIZED_AUTOS = YES_AGGRESSIVE;
				GCC_WARN_UNUSED_FUNCTION = YES;
				GCC_WARN_UNUSED_VARIABLE = YES;
				IPHONEOS_DEPLOYMENT_TARGET = 18.4;
				LOCALIZATION_PREFERS_STRING_CATALOGS = YES;
				MTL_ENABLE_DEBUG_INFO = INCLUDE_SOURCE;
				MTL_FAST_MATH = YES;
				ONLY_ACTIVE_ARCH = YES;
				SDKROOT = iphoneos;
				SWIFT_ACTIVE_COMPILATION_CONDITIONS = "DEBUG $(inherited)";
				SWIFT_OPTIMIZATION_LEVEL = "-Onone";
			};
			name = Debug;
		};
		5C46F5212DCEA14D002D41FD /* Release */ = {
			isa = XCBuildConfiguration;
			buildSettings = {
				ALWAYS_SEARCH_USER_PATHS = NO;
				ASSETCATALOG_COMPILER_GENERATE_SWIFT_ASSET_SYMBOL_EXTENSIONS = YES;
				CLANG_ANALYZER_NONNULL = YES;
				CLANG_ANALYZER_NUMBER_OBJECT_CONVERSION = YES_AGGRESSIVE;
				CLANG_CXX_LANGUAGE_STANDARD = "gnu++20";
				CLANG_ENABLE_MODULES = YES;
				CLANG_ENABLE_OBJC_ARC = YES;
				CLANG_ENABLE_OBJC_WEAK = YES;
				CLANG_WARN_BLOCK_CAPTURE_AUTORELEASING = YES;
				CLANG_WARN_BOOL_CONVERSION = YES;
				CLANG_WARN_COMMA = YES;
				CLANG_WARN_CONSTANT_CONVERSION = YES;
				CLANG_WARN_DEPRECATED_OBJC_IMPLEMENTATIONS = YES;
				CLANG_WARN_DIRECT_OBJC_ISA_USAGE = YES_ERROR;
				CLANG_WARN_DOCUMENTATION_COMMENTS = YES;
				CLANG_WARN_EMPTY_BODY = YES;
				CLANG_WARN_ENUM_CONVERSION = YES;
				CLANG_WARN_INFINITE_RECURSION = YES;
				CLANG_WARN_INT_CONVERSION = YES;
				CLANG_WARN_NON_LITERAL_NULL_CONVERSION = YES;
				CLANG_WARN_OBJC_IMPLICIT_RETAIN_SELF = YES;
				CLANG_WARN_OBJC_LITERAL_CONVERSION = YES;
				CLANG_WARN_OBJC_ROOT_CLASS = YES_ERROR;
				CLANG_WARN_QUOTED_INCLUDE_IN_FRAMEWORK_HEADER = YES;
				CLANG_WARN_RANGE_LOOP_ANALYSIS = YES;
				CLANG_WARN_STRICT_PROTOTYPES = YES;
				CLANG_WARN_SUSPICIOUS_MOVE = YES;
				CLANG_WARN_UNGUARDED_AVAILABILITY = YES_AGGRESSIVE;
				CLANG_WARN_UNREACHABLE_CODE = YES;
				CLANG_WARN__DUPLICATE_METHOD_MATCH = YES;
				COPY_PHASE_STRIP = NO;
				DEBUG_INFORMATION_FORMAT = "dwarf-with-dsym";
				ENABLE_NS_ASSERTIONS = NO;
				ENABLE_STRICT_OBJC_MSGSEND = YES;
				ENABLE_USER_SCRIPT_SANDBOXING = YES;
				GCC_C_LANGUAGE_STANDARD = gnu17;
				GCC_NO_COMMON_BLOCKS = YES;
				GCC_WARN_64_TO_32_BIT_CONVERSION = YES;
				GCC_WARN_ABOUT_RETURN_TYPE = YES_ERROR;
				GCC_WARN_UNDECLARED_SELECTOR = YES;
				GCC_WARN_UNINITIALIZED_AUTOS = YES_AGGRESSIVE;
				GCC_WARN_UNUSED_FUNCTION = YES;
				GCC_WARN_UNUSED_VARIABLE = YES;
				IPHONEOS_DEPLOYMENT_TARGET = 18.4;
				LOCALIZATION_PREFERS_STRING_CATALOGS = YES;
				MTL_ENABLE_DEBUG_INFO = NO;
				MTL_FAST_MATH = YES;
				SDKROOT = iphoneos;
				SWIFT_COMPILATION_MODE = wholemodule;
				VALIDATE_PRODUCT = YES;
			};
			name = Release;
		};
		5C46F5232DCEA14D002D41FD /* Debug */ = {
			isa = XCBuildConfiguration;
			buildSettings = {
				ASSETCATALOG_COMPILER_APPICON_NAME = AppIcon;
				ASSETCATALOG_COMPILER_GLOBAL_ACCENT_COLOR_NAME = AccentColor;
				CODE_SIGN_IDENTITY = "Apple Development";
				CODE_SIGN_STYLE = Automatic;
				CURRENT_PROJECT_VERSION = 1;
				DEVELOPMENT_TEAM = TK4YYZM679;
				ENABLE_PREVIEWS = YES;
				GENERATE_INFOPLIST_FILE = YES;
				INFOPLIST_KEY_UIApplicationSceneManifest_Generation = YES;
				INFOPLIST_KEY_UIApplicationSupportsIndirectInputEvents = YES;
				INFOPLIST_KEY_UILaunchScreen_Generation = YES;
				INFOPLIST_KEY_UISupportedInterfaceOrientations_iPad = "UIInterfaceOrientationPortrait UIInterfaceOrientationPortraitUpsideDown UIInterfaceOrientationLandscapeLeft UIInterfaceOrientationLandscapeRight";
				INFOPLIST_KEY_UISupportedInterfaceOrientations_iPhone = "UIInterfaceOrientationPortrait UIInterfaceOrientationLandscapeLeft UIInterfaceOrientationLandscapeRight";
				LD_RUNPATH_SEARCH_PATHS = (
					"$(inherited)",
					"@executable_path/Frameworks",
				);
				MARKETING_VERSION = 1.0;
				PRODUCT_BUNDLE_IDENTIFIER = kurteekurt.BudgetTrackerApp;
				PRODUCT_NAME = "$(TARGET_NAME)";
				PROVISIONING_PROFILE_SPECIFIER = "";
				SWIFT_EMIT_LOC_STRINGS = YES;
				SWIFT_VERSION = 5.0;
				TARGETED_DEVICE_FAMILY = "1,2";
			};
			name = Debug;
		};
		5C46F5242DCEA14D002D41FD /* Release */ = {
			isa = XCBuildConfiguration;
			buildSettings = {
				ASSETCATALOG_COMPILER_APPICON_NAME = AppIcon;
				ASSETCATALOG_COMPILER_GLOBAL_ACCENT_COLOR_NAME = AccentColor;
				CODE_SIGN_IDENTITY = "Apple Development";
				CODE_SIGN_STYLE = Automatic;
				CURRENT_PROJECT_VERSION = 1;
				DEVELOPMENT_TEAM = TK4YYZM679;
				ENABLE_PREVIEWS = YES;
				GENERATE_INFOPLIST_FILE = YES;
				INFOPLIST_KEY_UIApplicationSceneManifest_Generation = YES;
				INFOPLIST_KEY_UIApplicationSupportsIndirectInputEvents = YES;
				INFOPLIST_KEY_UILaunchScreen_Generation = YES;
				INFOPLIST_KEY_UISupportedInterfaceOrientations_iPad = "UIInterfaceOrientationPortrait UIInterfaceOrientationPortraitUpsideDown UIInterfaceOrientationLandscapeLeft UIInterfaceOrientationLandscapeRight";
				INFOPLIST_KEY_UISupportedInterfaceOrientations_iPhone = "UIInterfaceOrientationPortrait UIInterfaceOrientationLandscapeLeft UIInterfaceOrientationLandscapeRight";
				LD_RUNPATH_SEARCH_PATHS = (
					"$(inherited)",
					"@executable_path/Frameworks",
				);
				MARKETING_VERSION = 1.0;
				PRODUCT_BUNDLE_IDENTIFIER = kurteekurt.BudgetTrackerApp;
				PRODUCT_NAME = "$(TARGET_NAME)";
				PROVISIONING_PROFILE_SPECIFIER = "";
				SWIFT_EMIT_LOC_STRINGS = YES;
				SWIFT_VERSION = 5.0;
				TARGETED_DEVICE_FAMILY = "1,2";
			};
			name = Release;
		};
		5C46F5262DCEA14D002D41FD /* Debug */ = {
			isa = XCBuildConfiguration;
			buildSettings = {
				BUNDLE_LOADER = "$(TEST_HOST)";
				CODE_SIGN_STYLE = Automatic;
				CURRENT_PROJECT_VERSION = 1;
				DEVELOPMENT_TEAM = TK4YYZM679;
				GENERATE_INFOPLIST_FILE = YES;
				IPHONEOS_DEPLOYMENT_TARGET = 18.4;
				MARKETING_VERSION = 1.0;
				PRODUCT_BUNDLE_IDENTIFIER = kurteekurt.BudgetTrackerAppTests;
				PRODUCT_NAME = "$(TARGET_NAME)";
				SWIFT_EMIT_LOC_STRINGS = NO;
				SWIFT_VERSION = 5.0;
				TARGETED_DEVICE_FAMILY = "1,2";
				TEST_HOST = "$(BUILT_PRODUCTS_DIR)/BudgetTrackerApp.app/$(BUNDLE_EXECUTABLE_FOLDER_PATH)/BudgetTrackerApp";
			};
			name = Debug;
		};
		5C46F5272DCEA14D002D41FD /* Release */ = {
			isa = XCBuildConfiguration;
			buildSettings = {
				BUNDLE_LOADER = "$(TEST_HOST)";
				CODE_SIGN_STYLE = Automatic;
				CURRENT_PROJECT_VERSION = 1;
				DEVELOPMENT_TEAM = TK4YYZM679;
				GENERATE_INFOPLIST_FILE = YES;
				IPHONEOS_DEPLOYMENT_TARGET = 18.4;
				MARKETING_VERSION = 1.0;
				PRODUCT_BUNDLE_IDENTIFIER = kurteekurt.BudgetTrackerAppTests;
				PRODUCT_NAME = "$(TARGET_NAME)";
				SWIFT_EMIT_LOC_STRINGS = NO;
				SWIFT_VERSION = 5.0;
				TARGETED_DEVICE_FAMILY = "1,2";
				TEST_HOST = "$(BUILT_PRODUCTS_DIR)/BudgetTrackerApp.app/$(BUNDLE_EXECUTABLE_FOLDER_PATH)/BudgetTrackerApp";
			};
			name = Release;
		};
		5C46F5292DCEA14D002D41FD /* Debug */ = {
			isa = XCBuildConfiguration;
			buildSettings = {
				CODE_SIGN_STYLE = Automatic;
				CURRENT_PROJECT_VERSION = 1;
				DEVELOPMENT_TEAM = TK4YYZM679;
				GENERATE_INFOPLIST_FILE = YES;
				IPHONEOS_DEPLOYMENT_TARGET = 17.6;
				MARKETING_VERSION = 1.0;
				PRODUCT_BUNDLE_IDENTIFIER = kurteekurt.BudgetTrackerAppUITests;
				PRODUCT_NAME = "$(TARGET_NAME)";
				SWIFT_EMIT_LOC_STRINGS = NO;
				SWIFT_VERSION = 5.0;
				TARGETED_DEVICE_FAMILY = "1,2";
				TEST_TARGET_NAME = BudgetTrackerApp;
			};
			name = Debug;
		};
		5C46F52A2DCEA14D002D41FD /* Release */ = {
			isa = XCBuildConfiguration;
			buildSettings = {
				CODE_SIGN_STYLE = Automatic;
				CURRENT_PROJECT_VERSION = 1;
				DEVELOPMENT_TEAM = TK4YYZM679;
				GENERATE_INFOPLIST_FILE = YES;
				IPHONEOS_DEPLOYMENT_TARGET = 17.6;
				MARKETING_VERSION = 1.0;
				PRODUCT_BUNDLE_IDENTIFIER = kurteekurt.BudgetTrackerAppUITests;
				PRODUCT_NAME = "$(TARGET_NAME)";
				SWIFT_EMIT_LOC_STRINGS = NO;
				SWIFT_VERSION = 5.0;
				TARGETED_DEVICE_FAMILY = "1,2";
				TEST_TARGET_NAME = BudgetTrackerApp;
			};
			name = Release;
		};
/* End XCBuildConfiguration section */

/* Begin XCConfigurationList section */
		5C46F4F72DCEA14C002D41FD /* Build configuration list for PBXProject "BudgetTrackerApp" */ = {
			isa = XCConfigurationList;
			buildConfigurations = (
				5C46F5202DCEA14D002D41FD /* Debug */,
				5C46F5212DCEA14D002D41FD /* Release */,
			);
			defaultConfigurationIsVisible = 0;
			defaultConfigurationName = Release;
		};
		5C46F5222DCEA14D002D41FD /* Build configuration list for PBXNativeTarget "BudgetTrackerApp" */ = {
			isa = XCConfigurationList;
			buildConfigurations = (
				5C46F5232DCEA14D002D41FD /* Debug */,
				5C46F5242DCEA14D002D41FD /* Release */,
			);
			defaultConfigurationIsVisible = 0;
			defaultConfigurationName = Release;
		};
		5C46F5252DCEA14D002D41FD /* Build configuration list for PBXNativeTarget "BudgetTrackerAppTests" */ = {
			isa = XCConfigurationList;
			buildConfigurations = (
				5C46F5262DCEA14D002D41FD /* Debug */,
				5C46F5272DCEA14D002D41FD /* Release */,
			);
			defaultConfigurationIsVisible = 0;
			defaultConfigurationName = Release;
		};
		5C46F5282DCEA14D002D41FD /* Build configuration list for PBXNativeTarget "BudgetTrackerAppUITests" */ = {
			isa = XCConfigurationList;
			buildConfigurations = (
				5C46F5292DCEA14D002D41FD /* Debug */,
				5C46F52A2DCEA14D002D41FD /* Release */,
			);
			defaultConfigurationIsVisible = 0;
			defaultConfigurationName = Release;
		};
/* End XCConfigurationList section */
	};
	rootObject = 5C46F4F42DCEA14C002D41FD /* Project object */;
}
